
Microsoft Visual Studio Solution File, Format Version 12.00
# Visual Studio 15
VisualStudioVersion = 15.0.27703.2026
MinimumVisualStudioVersion = 10.0.40219.1
Project("{FAE04EC0-301F-11D3-BF4B-00C04F79EFBC}") = "getitemtransactions", "getitemtransactions\getitemtransactions.csproj", "{BF7B79FA-404E-4D79-909C-1080CFCEA2F8}"
EndProject
Global
	GlobalSection(SolutionConfigurationPlatforms) = preSolution
		Debug|Any CPU = Debug|Any CPU
		Release|Any CPU = Release|Any CPU
	EndGlobalSection
	GlobalSection(ProjectConfigurationPlatforms) = postSolution
		{BF7B79FA-404E-4D79-909C-1080CFCEA2F8}.Debug|Any CPU.ActiveCfg = Debug|Any CPU
		{BF7B79FA-404E-4D79-909C-1080CFCEA2F8}.Debug|Any CPU.Build.0 = Debug|Any CPU
		{BF7B79FA-404E-4D79-909C-1080CFCEA2F8}.Release|Any CPU.ActiveCfg = Release|Any CPU
		{BF7B79FA-404E-4D79-909C-1080CFCEA2F8}.Release|Any CPU.Build.0 = Release|Any CPU
	EndGlobalSection
	GlobalSection(SolutionProperties) = preSolution
		HideSolutionNode = FALSE
	EndGlobalSection
	GlobalSection(ExtensibilityGlobals) = postSolution
		SolutionGuid = {403AD565-357A-4AD1-969A-222877D9203A}
	EndGlobalSection
EndGlobal
